
Microsoft Visual Studio Solution File, Format Version 12.00
# Visual Studio Version 17
VisualStudioVersion = 17.4.33213.308
MinimumVisualStudioVersion = 10.0.40219.1
Project("{FAE04EC0-301F-11D3-BF4B-00C04F79EFBC}") = "Student_Registration", "Student_Registration.csproj", "{FCD229A3-1027-4773-9B85-C9B7FA83A584}"
EndProject
Global
	GlobalSection(SolutionConfigurationPlatforms) = preSolution
		Debug|Any CPU = Debug|Any CPU
		Release|Any CPU = Release|Any CPU
	EndGlobalSection
	GlobalSection(ProjectConfigurationPlatforms) = postSolution
		{FCD229A3-1027-4773-9B85-C9B7FA83A584}.Debug|Any CPU.ActiveCfg = Debug|Any CPU
		{FCD229A3-1027-4773-9B85-C9B7FA83A584}.Debug|Any CPU.Build.0 = Debug|Any CPU
		{FCD229A3-1027-4773-9B85-C9B7FA83A584}.Release|Any CPU.ActiveCfg = Release|Any CPU
		{FCD229A3-1027-4773-9B85-C9B7FA83A584}.Release|Any CPU.Build.0 = Release|Any CPU
	EndGlobalSection
	GlobalSection(SolutionProperties) = preSolution
		HideSolutionNode = FALSE
	EndGlobalSection
	GlobalSection(ExtensibilityGlobals) = postSolution
		SolutionGuid = {53DF2071-3FE2-42D3-8287-A54EFBE0F2FA}
	EndGlobalSection
EndGlobal
